
Microsoft Visual Studio Solution File, Format Version 12.00
# Visual Studio Version 16
VisualStudioVersion = 16.0.29318.209
MinimumVisualStudioVersion = 10.0.40219.1
Project("{FAE04EC0-301F-11D3-BF4B-00C04F79EFBC}") = "GestionDocumentos", "..\..\source\repos\GestionDocumentos\GestionDocumentos\GestionDocumentos.csproj", "{3AB72D1B-0DFC-499D-8188-C85F279E9FE1}"
EndProject
Project("{FAE04EC0-301F-11D3-BF4B-00C04F79EFBC}") = "Core", "..\..\source\repos\GestionDocumentos\Core\Core.csproj", "{0624AFF1-AA3A-4FFA-9A34-95AA01009857}"
EndProject
Global
	GlobalSection(SolutionConfigurationPlatforms) = preSolution
		Debug|Any CPU = Debug|Any CPU
		Release|Any CPU = Release|Any CPU
	EndGlobalSection
	GlobalSection(ProjectConfigurationPlatforms) = postSolution
		{3AB72D1B-0DFC-499D-8188-C85F279E9FE1}.Debug|Any CPU.ActiveCfg = Debug|Any CPU
		{3AB72D1B-0DFC-499D-8188-C85F279E9FE1}.Debug|Any CPU.Build.0 = Debug|Any CPU
		{3AB72D1B-0DFC-499D-8188-C85F279E9FE1}.Release|Any CPU.ActiveCfg = Release|Any CPU
		{3AB72D1B-0DFC-499D-8188-C85F279E9FE1}.Release|Any CPU.Build.0 = Release|Any CPU
		{0624AFF1-AA3A-4FFA-9A34-95AA01009857}.Debug|Any CPU.ActiveCfg = Debug|Any CPU
		{0624AFF1-AA3A-4FFA-9A34-95AA01009857}.Debug|Any CPU.Build.0 = Debug|Any CPU
		{0624AFF1-AA3A-4FFA-9A34-95AA01009857}.Release|Any CPU.ActiveCfg = Release|Any CPU
		{0624AFF1-AA3A-4FFA-9A34-95AA01009857}.Release|Any CPU.Build.0 = Release|Any CPU
	EndGlobalSection
	GlobalSection(SolutionProperties) = preSolution
		HideSolutionNode = FALSE
	EndGlobalSection
	GlobalSection(ExtensibilityGlobals) = postSolution
		SolutionGuid = {761496D6-FC8F-4F06-823F-0F81D6B6613F}
	EndGlobalSection
EndGlobal
